
Microsoft Visual Studio Solution File, Format Version 12.00
# Visual Studio Version 17
VisualStudioVersion = 17.5.002.0
MinimumVisualStudioVersion = 10.0.40219.1
Project("{2150E333-8FDC-42A3-9474-1A3956D46DE8}") = "Labfiles", "Labfiles", "{18721439-8403-4A6D-B8D5-95140166FB9C}"
EndProject
Project("{2150E333-8FDC-42A3-9474-1A3956D46DE8}") = "01-analyze-images", "01-analyze-images", "{6E23F177-5B27-46BF-A226-973A6E0B51F8}"
EndProject
Project("{2150E333-8FDC-42A3-9474-1A3956D46DE8}") = "C-Sharp", "C-Sharp", "{47088EF0-3481-49EA-A9C3-C74EC1F74A46}"
EndProject
Project("{9A19103F-16F7-4668-BE54-9A1E7A4F7556}") = "image-analysis", "Labfiles\01-analyze-images\C-Sharp\image-analysis\image-analysis.csproj", "{CFC1D7AA-B52F-4F5E-BF83-9F2BABAC42DD}"
EndProject
Project("{2150E333-8FDC-42A3-9474-1A3956D46DE8}") = "03-object-detection", "03-object-detection", "{19122F4B-75D5-4151-BB66-95F3AD42B056}"
EndProject
Project("{2150E333-8FDC-42A3-9474-1A3956D46DE8}") = "C-Sharp", "C-Sharp", "{D91C13A0-E262-4B83-AA27-6F074737E6F1}"
EndProject
Project("{9A19103F-16F7-4668-BE54-9A1E7A4F7556}") = "test-detector", "Labfiles\03-object-detection\C-Sharp\test-detector\test-detector.csproj", "{3474DBBC-F0FF-4280-A919-BD60F0DB48B1}"
EndProject
Project("{9A19103F-16F7-4668-BE54-9A1E7A4F7556}") = "train-detector", "Labfiles\03-object-detection\C-Sharp\train-detector\train-detector.csproj", "{F89CB694-C941-4B2F-8F2D-BCD1412375B3}"
EndProject
Project("{2150E333-8FDC-42A3-9474-1A3956D46DE8}") = "04-face", "04-face", "{60F43829-EC18-458F-8BBC-4893178D3BE2}"
EndProject
Project("{2150E333-8FDC-42A3-9474-1A3956D46DE8}") = "C-Sharp", "C-Sharp", "{379EFDD1-8931-48A2-8421-D4C854732576}"
EndProject
Project("{9A19103F-16F7-4668-BE54-9A1E7A4F7556}") = "detect-people", "Labfiles\04-face\C-Sharp\computer-vision\detect-people.csproj", "{19BBB0F0-D425-46A6-90AE-5A7C7019B322}"
EndProject
Project("{9A19103F-16F7-4668-BE54-9A1E7A4F7556}") = "analyze-faces", "Labfiles\04-face\C-Sharp\face-api\analyze-faces.csproj", "{5BA8FCE0-17B9-4F11-9611-3E568EE55B99}"
EndProject
Project("{2150E333-8FDC-42A3-9474-1A3956D46DE8}") = "05-ocr", "05-ocr", "{E30EAC98-BE4F-4EEF-B0BA-14948A1D7FC4}"
EndProject
Project("{2150E333-8FDC-42A3-9474-1A3956D46DE8}") = "C-Sharp", "C-Sharp", "{8894A3BE-D7E9-4C94-8434-B1B9382A0734}"
EndProject
Project("{9A19103F-16F7-4668-BE54-9A1E7A4F7556}") = "read-text", "Labfiles\05-ocr\C-Sharp\read-text\read-text.csproj", "{A51F362E-927B-4581-8081-10526B89FB20}"
EndProject
Project("{2150E333-8FDC-42A3-9474-1A3956D46DE8}") = "07-custom-vision-image-classification", "07-custom-vision-image-classification", "{E0E878F0-4994-4F7B-9798-E9E96B3FD456}"
EndProject
Project("{2150E333-8FDC-42A3-9474-1A3956D46DE8}") = "C-Sharp", "C-Sharp", "{9397B37A-B224-4448-8211-CA9F3AB279A7}"
EndProject
Project("{9A19103F-16F7-4668-BE54-9A1E7A4F7556}") = "test-classifier", "Labfiles\07-custom-vision-image-classification\C-Sharp\test-classifier\test-classifier.csproj", "{3C169C3C-3052-4460-8CF1-DC23F952DF72}"
EndProject
Project("{9A19103F-16F7-4668-BE54-9A1E7A4F7556}") = "train-classifier", "Labfiles\07-custom-vision-image-classification\C-Sharp\train-classifier\train-classifier.csproj", "{6F731F3D-7AFE-4985-9C55-A688126C8C40}"
EndProject
Global
	GlobalSection(SolutionConfigurationPlatforms) = preSolution
		Debug|Any CPU = Debug|Any CPU
		Release|Any CPU = Release|Any CPU
	EndGlobalSection
	GlobalSection(ProjectConfigurationPlatforms) = postSolution
		{CFC1D7AA-B52F-4F5E-BF83-9F2BABAC42DD}.Debug|Any CPU.ActiveCfg = Debug|Any CPU
		{CFC1D7AA-B52F-4F5E-BF83-9F2BABAC42DD}.Debug|Any CPU.Build.0 = Debug|Any CPU
		{CFC1D7AA-B52F-4F5E-BF83-9F2BABAC42DD}.Release|Any CPU.ActiveCfg = Release|Any CPU
		{CFC1D7AA-B52F-4F5E-BF83-9F2BABAC42DD}.Release|Any CPU.Build.0 = Release|Any CPU
		{3474DBBC-F0FF-4280-A919-BD60F0DB48B1}.Debug|Any CPU.ActiveCfg = Debug|Any CPU
		{3474DBBC-F0FF-4280-A919-BD60F0DB48B1}.Debug|Any CPU.Build.0 = Debug|Any CPU
		{3474DBBC-F0FF-4280-A919-BD60F0DB48B1}.Release|Any CPU.ActiveCfg = Release|Any CPU
		{3474DBBC-F0FF-4280-A919-BD60F0DB48B1}.Release|Any CPU.Build.0 = Release|Any CPU
		{F89CB694-C941-4B2F-8F2D-BCD1412375B3}.Debug|Any CPU.ActiveCfg = Debug|Any CPU
		{F89CB694-C941-4B2F-8F2D-BCD1412375B3}.Debug|Any CPU.Build.0 = Debug|Any CPU
		{F89CB694-C941-4B2F-8F2D-BCD1412375B3}.Release|Any CPU.ActiveCfg = Release|Any CPU
		{F89CB694-C941-4B2F-8F2D-BCD1412375B3}.Release|Any CPU.Build.0 = Release|Any CPU
		{19BBB0F0-D425-46A6-90AE-5A7C7019B322}.Debug|Any CPU.ActiveCfg = Debug|Any CPU
		{19BBB0F0-D425-46A6-90AE-5A7C7019B322}.Debug|Any CPU.Build.0 = Debug|Any CPU
		{19BBB0F0-D425-46A6-90AE-5A7C7019B322}.Release|Any CPU.ActiveCfg = Release|Any CPU
		{19BBB0F0-D425-46A6-90AE-5A7C7019B322}.Release|Any CPU.Build.0 = Release|Any CPU
		{5BA8FCE0-17B9-4F11-9611-3E568EE55B99}.Debug|Any CPU.ActiveCfg = Debug|Any CPU
		{5BA8FCE0-17B9-4F11-9611-3E568EE55B99}.Debug|Any CPU.Build.0 = Debug|Any CPU
		{5BA8FCE0-17B9-4F11-9611-3E568EE55B99}.Release|Any CPU.ActiveCfg = Release|Any CPU
		{5BA8FCE0-17B9-4F11-9611-3E568EE55B99}.Release|Any CPU.Build.0 = Release|Any CPU
		{A51F362E-927B-4581-8081-10526B89FB20}.Debug|Any CPU.ActiveCfg = Debug|Any CPU
		{A51F362E-927B-4581-8081-10526B89FB20}.Debug|Any CPU.Build.0 = Debug|Any CPU
		{A51F362E-927B-4581-8081-10526B89FB20}.Release|Any CPU.ActiveCfg = Release|Any CPU
		{A51F362E-927B-4581-8081-10526B89FB20}.Release|Any CPU.Build.0 = Release|Any CPU
		{3C169C3C-3052-4460-8CF1-DC23F952DF72}.Debug|Any CPU.ActiveCfg = Debug|Any CPU
		{3C169C3C-3052-4460-8CF1-DC23F952DF72}.Debug|Any CPU.Build.0 = Debug|Any CPU
		{3C169C3C-3052-4460-8CF1-DC23F952DF72}.Release|Any CPU.ActiveCfg = Release|Any CPU
		{3C169C3C-3052-4460-8CF1-DC23F952DF72}.Release|Any CPU.Build.0 = Release|Any CPU
		{6F731F3D-7AFE-4985-9C55-A688126C8C40}.Debug|Any CPU.ActiveCfg = Debug|Any CPU
		{6F731F3D-7AFE-4985-9C55-A688126C8C40}.Debug|Any CPU.Build.0 = Debug|Any CPU
		{6F731F3D-7AFE-4985-9C55-A688126C8C40}.Release|Any CPU.ActiveCfg = Release|Any CPU
		{6F731F3D-7AFE-4985-9C55-A688126C8C40}.Release|Any CPU.Build.0 = Release|Any CPU
	EndGlobalSection
	GlobalSection(SolutionProperties) = preSolution
		HideSolutionNode = FALSE
	EndGlobalSection
	GlobalSection(NestedProjects) = preSolution
		{6E23F177-5B27-46BF-A226-973A6E0B51F8} = {18721439-8403-4A6D-B8D5-95140166FB9C}
		{47088EF0-3481-49EA-A9C3-C74EC1F74A46} = {6E23F177-5B27-46BF-A226-973A6E0B51F8}
		{CFC1D7AA-B52F-4F5E-BF83-9F2BABAC42DD} = {47088EF0-3481-49EA-A9C3-C74EC1F74A46}
		{19122F4B-75D5-4151-BB66-95F3AD42B056} = {18721439-8403-4A6D-B8D5-95140166FB9C}
		{D91C13A0-E262-4B83-AA27-6F074737E6F1} = {19122F4B-75D5-4151-BB66-95F3AD42B056}
		{3474DBBC-F0FF-4280-A919-BD60F0DB48B1} = {D91C13A0-E262-4B83-AA27-6F074737E6F1}
		{F89CB694-C941-4B2F-8F2D-BCD1412375B3} = {D91C13A0-E262-4B83-AA27-6F074737E6F1}
		{60F43829-EC18-458F-8BBC-4893178D3BE2} = {18721439-8403-4A6D-B8D5-95140166FB9C}
		{379EFDD1-8931-48A2-8421-D4C854732576} = {60F43829-EC18-458F-8BBC-4893178D3BE2}
		{19BBB0F0-D425-46A6-90AE-5A7C7019B322} = {379EFDD1-8931-48A2-8421-D4C854732576}
		{5BA8FCE0-17B9-4F11-9611-3E568EE55B99} = {379EFDD1-8931-48A2-8421-D4C854732576}
		{E30EAC98-BE4F-4EEF-B0BA-14948A1D7FC4} = {18721439-8403-4A6D-B8D5-95140166FB9C}
		{8894A3BE-D7E9-4C94-8434-B1B9382A0734} = {E30EAC98-BE4F-4EEF-B0BA-14948A1D7FC4}
		{A51F362E-927B-4581-8081-10526B89FB20} = {8894A3BE-D7E9-4C94-8434-B1B9382A0734}
		{E0E878F0-4994-4F7B-9798-E9E96B3FD456} = {18721439-8403-4A6D-B8D5-95140166FB9C}
		{9397B37A-B224-4448-8211-CA9F3AB279A7} = {E0E878F0-4994-4F7B-9798-E9E96B3FD456}
		{3C169C3C-3052-4460-8CF1-DC23F952DF72} = {9397B37A-B224-4448-8211-CA9F3AB279A7}
		{6F731F3D-7AFE-4985-9C55-A688126C8C40} = {9397B37A-B224-4448-8211-CA9F3AB279A7}
	EndGlobalSection
	GlobalSection(ExtensibilityGlobals) = postSolution
		SolutionGuid = {2309D88F-D160-43DF-8E7C-59063FE3B5BC}
	EndGlobalSection
EndGlobal
